// !$*UTF8*$!
{
	archiveVersion = 1;
	classes = {
	};
	objectVersion = 46;
	objects = {

/* Begin PBXBuildFile section */
		228235E61C831FD100F7900D /* XMPPCommunicationController.m in Sources */ = {isa = PBXBuildFile; fileRef = 228235E51C831FD100F7900D /* XMPPCommunicationController.m */; };
		228235E91C832B0400F7900D /* ContactsTableViewController.m in Sources */ = {isa = PBXBuildFile; fileRef = 228235E81C832B0400F7900D /* ContactsTableViewController.m */; };
		22BD92091C818E8400B5937D /* main.m in Sources */ = {isa = PBXBuildFile; fileRef = 22BD92081C818E8400B5937D /* main.m */; };
		22BD920C1C818E8400B5937D /* AppDelegate.m in Sources */ = {isa = PBXBuildFile; fileRef = 22BD920B1C818E8400B5937D /* AppDelegate.m */; };
		22BD920F1C818E8400B5937D /* LoginViewController.m in Sources */ = {isa = PBXBuildFile; fileRef = 22BD920E1C818E8400B5937D /* LoginViewController.m */; };
		22BD92121C818E8400B5937D /* Main.storyboard in Resources */ = {isa = PBXBuildFile; fileRef = 22BD92101C818E8400B5937D /* Main.storyboard */; };
		22BD92141C818E8400B5937D /* Assets.xcassets in Resources */ = {isa = PBXBuildFile; fileRef = 22BD92131C818E8400B5937D /* Assets.xcassets */; };
		22BD92171C818E8400B5937D /* LaunchScreen.storyboard in Resources */ = {isa = PBXBuildFile; fileRef = 22BD92151C818E8400B5937D /* LaunchScreen.storyboard */; };
		22BD92221C818E8400B5937D /* UppTalkAssignmentTests.m in Sources */ = {isa = PBXBuildFile; fileRef = 22BD92211C818E8400B5937D /* UppTalkAssignmentTests.m */; };
		22BD922D1C818E8400B5937D /* UppTalkAssignmentUITests.m in Sources */ = {isa = PBXBuildFile; fileRef = 22BD922C1C818E8400B5937D /* UppTalkAssignmentUITests.m */; };
		22BD92481C8249EE00B5937D /* CFNetwork.framework in Frameworks */ = {isa = PBXBuildFile; fileRef = 22BD92471C8249EE00B5937D /* CFNetwork.framework */; };
		22BD924A1C824A0700B5937D /* Security.framework in Frameworks */ = {isa = PBXBuildFile; fileRef = 22BD92491C824A0700B5937D /* Security.framework */; };
		22BD924E1C824B4900B5937D /* libresolv.9.tbd in Frameworks */ = {isa = PBXBuildFile; fileRef = 22BD924D1C824B4900B5937D /* libresolv.9.tbd */; };
		22BD92501C824BAE00B5937D /* libxml2.tbd in Frameworks */ = {isa = PBXBuildFile; fileRef = 22BD924F1C824BAE00B5937D /* libxml2.tbd */; };
		FDE84CE082524402801A715A /* libPods-UppTalkAssignment.a in Frameworks */ = {isa = PBXBuildFile; fileRef = 5C66CA2AC0E1AAE2C56BD816 /* libPods-UppTalkAssignment.a */; };
/* End PBXBuildFile section */

/* Begin PBXContainerItemProxy section */
		22BD921E1C818E8400B5937D /* PBXContainerItemProxy */ = {
			isa = PBXContainerItemProxy;
			containerPortal = 22BD91FC1C818E8400B5937D /* Project object */;
			proxyType = 1;
			remoteGlobalIDString = 22BD92031C818E8400B5937D;
			remoteInfo = UppTalkAssignment;
		};
		22BD92291C818E8400B5937D /* PBXContainerItemProxy */ = {
			isa = PBXContainerItemProxy;
			containerPortal = 22BD91FC1C818E8400B5937D /* Project object */;
			proxyType = 1;
			remoteGlobalIDString = 22BD92031C818E8400B5937D;
			remoteInfo = UppTalkAssignment;
		};
/* End PBXContainerItemProxy section */

/* Begin PBXFileReference section */
		228235E41C831FD100F7900D /* XMPPCommunicationController.h */ = {isa = PBXFileReference; fileEncoding = 4; lastKnownFileType = sourcecode.c.h; path = XMPPCommunicationController.h; sourceTree = "<group>"; };
		228235E51C831FD100F7900D /* XMPPCommunicationController.m */ = {isa = PBXFileReference; fileEncoding = 4; lastKnownFileType = sourcecode.c.objc; path = XMPPCommunicationController.m; sourceTree = "<group>"; };
		228235E71C832B0400F7900D /* ContactsTableViewController.h */ = {isa = PBXFileReference; fileEncoding = 4; lastKnownFileType = sourcecode.c.h; path = ContactsTableViewController.h; sourceTree = "<group>"; };
		228235E81C832B0400F7900D /* ContactsTableViewController.m */ = {isa = PBXFileReference; fileEncoding = 4; lastKnownFileType = sourcecode.c.objc; path = ContactsTableViewController.m; sourceTree = "<group>"; };
		22BD92041C818E8400B5937D /* UppTalkAssignment.app */ = {isa = PBXFileReference; explicitFileType = wrapper.application; includeInIndex = 0; path = UppTalkAssignment.app; sourceTree = BUILT_PRODUCTS_DIR; };
		22BD92081C818E8400B5937D /* main.m */ = {isa = PBXFileReference; lastKnownFileType = sourcecode.c.objc; path = main.m; sourceTree = "<group>"; };
		22BD920A1C818E8400B5937D /* AppDelegate.h */ = {isa = PBXFileReference; lastKnownFileType = sourcecode.c.h; path = AppDelegate.h; sourceTree = "<group>"; };
		22BD920B1C818E8400B5937D /* AppDelegate.m */ = {isa = PBXFileReference; lastKnownFileType = sourcecode.c.objc; path = AppDelegate.m; sourceTree = "<group>"; };
		22BD920D1C818E8400B5937D /* LoginViewController.h */ = {isa = PBXFileReference; lastKnownFileType = sourcecode.c.h; path = LoginViewController.h; sourceTree = "<group>"; };
		22BD920E1C818E8400B5937D /* LoginViewController.m */ = {isa = PBXFileReference; lastKnownFileType = sourcecode.c.objc; path = LoginViewController.m; sourceTree = "<group>"; };
		22BD92111C818E8400B5937D /* Base */ = {isa = PBXFileReference; lastKnownFileType = file.storyboard; name = Base; path = Base.lproj/Main.storyboard; sourceTree = "<group>"; };
		22BD92131C818E8400B5937D /* Assets.xcassets */ = {isa = PBXFileReference; lastKnownFileType = folder.assetcatalog; path = Assets.xcassets; sourceTree = "<group>"; };
		22BD92161C818E8400B5937D /* Base */ = {isa = PBXFileReference; lastKnownFileType = file.storyboard; name = Base; path = Base.lproj/LaunchScreen.storyboard; sourceTree = "<group>"; };
		22BD92181C818E8400B5937D /* Info.plist */ = {isa = PBXFileReference; lastKnownFileType = text.plist.xml; path = Info.plist; sourceTree = "<group>"; };
		22BD921D1C818E8400B5937D /* UppTalkAssignmentTests.xctest */ = {isa = PBXFileReference; explicitFileType = wrapper.cfbundle; includeInIndex = 0; path = UppTalkAssignmentTests.xctest; sourceTree = BUILT_PRODUCTS_DIR; };
		22BD92211C818E8400B5937D /* UppTalkAssignmentTests.m */ = {isa = PBXFileReference; lastKnownFileType = sourcecode.c.objc; path = UppTalkAssignmentTests.m; sourceTree = "<group>"; };
		22BD92231C818E8400B5937D /* Info.plist */ = {isa = PBXFileReference; lastKnownFileType = text.plist.xml; path = Info.plist; sourceTree = "<group>"; };
		22BD92281C818E8400B5937D /* UppTalkAssignmentUITests.xctest */ = {isa = PBXFileReference; explicitFileType = wrapper.cfbundle; includeInIndex = 0; path = UppTalkAssignmentUITests.xctest; sourceTree = BUILT_PRODUCTS_DIR; };
		22BD922C1C818E8400B5937D /* UppTalkAssignmentUITests.m */ = {isa = PBXFileReference; lastKnownFileType = sourcecode.c.objc; path = UppTalkAssignmentUITests.m; sourceTree = "<group>"; };
		22BD922E1C818E8400B5937D /* Info.plist */ = {isa = PBXFileReference; lastKnownFileType = text.plist.xml; path = Info.plist; sourceTree = "<group>"; };
		22BD92471C8249EE00B5937D /* CFNetwork.framework */ = {isa = PBXFileReference; lastKnownFileType = wrapper.framework; name = CFNetwork.framework; path = System/Library/Frameworks/CFNetwork.framework; sourceTree = SDKROOT; };
		22BD92491C824A0700B5937D /* Security.framework */ = {isa = PBXFileReference; lastKnownFileType = wrapper.framework; name = Security.framework; path = System/Library/Frameworks/Security.framework; sourceTree = SDKROOT; };
		22BD924D1C824B4900B5937D /* libresolv.9.tbd */ = {isa = PBXFileReference; lastKnownFileType = "sourcecode.text-based-dylib-definition"; name = libresolv.9.tbd; path = usr/lib/libresolv.9.tbd; sourceTree = SDKROOT; };
		22BD924F1C824BAE00B5937D /* libxml2.tbd */ = {isa = PBXFileReference; lastKnownFileType = "sourcecode.text-based-dylib-definition"; name = libxml2.tbd; path = usr/lib/libxml2.tbd; sourceTree = SDKROOT; };
		276A1E757436867D3D4CF5CC /* Pods-UppTalkAssignment.release.xcconfig */ = {isa = PBXFileReference; includeInIndex = 1; lastKnownFileType = text.xcconfig; name = "Pods-UppTalkAssignment.release.xcconfig"; path = "Pods/Target Support Files/Pods-UppTalkAssignment/Pods-UppTalkAssignment.release.xcconfig"; sourceTree = "<group>"; };
		5C66CA2AC0E1AAE2C56BD816 /* libPods-UppTalkAssignment.a */ = {isa = PBXFileReference; explicitFileType = archive.ar; includeInIndex = 0; path = "libPods-UppTalkAssignment.a"; sourceTree = BUILT_PRODUCTS_DIR; };
		A2A75B7082CD6869F2E41A7A /* Pods-UppTalkAssignment.debug.xcconfig */ = {isa = PBXFileReference; includeInIndex = 1; lastKnownFileType = text.xcconfig; name = "Pods-UppTalkAssignment.debug.xcconfig"; path = "Pods/Target Support Files/Pods-UppTalkAssignment/Pods-UppTalkAssignment.debug.xcconfig"; sourceTree = "<group>"; };
/* End PBXFileReference section */

/* Begin PBXFrameworksBuildPhase section */
		22BD92011C818E8400B5937D /* Frameworks */ = {
			isa = PBXFrameworksBuildPhase;
			buildActionMask = 2147483647;
			files = (
				22BD92501C824BAE00B5937D /* libxml2.tbd in Frameworks */,
				22BD924E1C824B4900B5937D /* libresolv.9.tbd in Frameworks */,
				22BD924A1C824A0700B5937D /* Security.framework in Frameworks */,
				22BD92481C8249EE00B5937D /* CFNetwork.framework in Frameworks */,
				FDE84CE082524402801A715A /* libPods-UppTalkAssignment.a in Frameworks */,
			);
			runOnlyForDeploymentPostprocessing = 0;
		};
		22BD921A1C818E8400B5937D /* Frameworks */ = {
			isa = PBXFrameworksBuildPhase;
			buildActionMask = 2147483647;
			files = (
			);
			runOnlyForDeploymentPostprocessing = 0;
		};
		22BD92251C818E8400B5937D /* Frameworks */ = {
			isa = PBXFrameworksBuildPhase;
			buildActionMask = 2147483647;
			files = (
			);
			runOnlyForDeploymentPostprocessing = 0;
		};
/* End PBXFrameworksBuildPhase section */

/* Begin PBXGroup section */
		228235E31C831F8100F7900D /* Classes */ = {
			isa = PBXGroup;
			children = (
				228235E41C831FD100F7900D /* XMPPCommunicationController.h */,
				228235E51C831FD100F7900D /* XMPPCommunicationController.m */,
			);
			name = Classes;
			sourceTree = "<group>";
		};
		22BD91FB1C818E8400B5937D = {
			isa = PBXGroup;
			children = (
				22BD92061C818E8400B5937D /* UppTalkAssignment */,
				22BD92201C818E8400B5937D /* UppTalkAssignmentTests */,
				22BD922B1C818E8400B5937D /* UppTalkAssignmentUITests */,
				22BD92051C818E8400B5937D /* Products */,
				808E70E0C3C392D503ED9C6B /* Pods */,
				E1825C2F079319977F7CEDA6 /* Frameworks */,
			);
			sourceTree = "<group>";
		};
		22BD92051C818E8400B5937D /* Products */ = {
			isa = PBXGroup;
			children = (
				22BD92041C818E8400B5937D /* UppTalkAssignment.app */,
				22BD921D1C818E8400B5937D /* UppTalkAssignmentTests.xctest */,
				22BD92281C818E8400B5937D /* UppTalkAssignmentUITests.xctest */,
			);
			name = Products;
			sourceTree = "<group>";
		};
		22BD92061C818E8400B5937D /* UppTalkAssignment */ = {
			isa = PBXGroup;
			children = (
				228235E31C831F8100F7900D /* Classes */,
				22BD920A1C818E8400B5937D /* AppDelegate.h */,
				22BD920B1C818E8400B5937D /* AppDelegate.m */,
				22BD923B1C81AEB900B5937D /* ViewControllers */,
				22BD923A1C81AD8F00B5937D /* Resources */,
				22BD92071C818E8400B5937D /* Supporting Files */,
			);
			path = UppTalkAssignment;
			sourceTree = "<group>";
		};
		22BD92071C818E8400B5937D /* Supporting Files */ = {
			isa = PBXGroup;
			children = (
				22BD92181C818E8400B5937D /* Info.plist */,
				22BD92081C818E8400B5937D /* main.m */,
			);
			name = "Supporting Files";
			sourceTree = "<group>";
		};
		22BD92201C818E8400B5937D /* UppTalkAssignmentTests */ = {
			isa = PBXGroup;
			children = (
				22BD92211C818E8400B5937D /* UppTalkAssignmentTests.m */,
				22BD92231C818E8400B5937D /* Info.plist */,
			);
			path = UppTalkAssignmentTests;
			sourceTree = "<group>";
		};
		22BD922B1C818E8400B5937D /* UppTalkAssignmentUITests */ = {
			isa = PBXGroup;
			children = (
				22BD922C1C818E8400B5937D /* UppTalkAssignmentUITests.m */,
				22BD922E1C818E8400B5937D /* Info.plist */,
			);
			path = UppTalkAssignmentUITests;
			sourceTree = "<group>";
		};
		22BD923A1C81AD8F00B5937D /* Resources */ = {
			isa = PBXGroup;
			children = (
				22BD92101C818E8400B5937D /* Main.storyboard */,
				22BD92131C818E8400B5937D /* Assets.xcassets */,
				22BD92151C818E8400B5937D /* LaunchScreen.storyboard */,
			);
			name = Resources;
			sourceTree = "<group>";
		};
		22BD923B1C81AEB900B5937D /* ViewControllers */ = {
			isa = PBXGroup;
			children = (
				22BD920D1C818E8400B5937D /* LoginViewController.h */,
				22BD920E1C818E8400B5937D /* LoginViewController.m */,
				228235E71C832B0400F7900D /* ContactsTableViewController.h */,
				228235E81C832B0400F7900D /* ContactsTableViewController.m */,
			);
			name = ViewControllers;
			sourceTree = "<group>";
		};
		808E70E0C3C392D503ED9C6B /* Pods */ = {
			isa = PBXGroup;
			children = (
				A2A75B7082CD6869F2E41A7A /* Pods-UppTalkAssignment.debug.xcconfig */,
				276A1E757436867D3D4CF5CC /* Pods-UppTalkAssignment.release.xcconfig */,
			);
			name = Pods;
			sourceTree = "<group>";
		};
		E1825C2F079319977F7CEDA6 /* Frameworks */ = {
			isa = PBXGroup;
			children = (
				22BD92491C824A0700B5937D /* Security.framework */,
				22BD92471C8249EE00B5937D /* CFNetwork.framework */,
				22BD924F1C824BAE00B5937D /* libxml2.tbd */,
				22BD924D1C824B4900B5937D /* libresolv.9.tbd */,
				5C66CA2AC0E1AAE2C56BD816 /* libPods-UppTalkAssignment.a */,
			);
			name = Frameworks;
			sourceTree = "<group>";
		};
/* End PBXGroup section */

/* Begin PBXNativeTarget section */
		22BD92031C818E8400B5937D /* UppTalkAssignment */ = {
			isa = PBXNativeTarget;
			buildConfigurationList = 22BD92311C818E8400B5937D /* Build configuration list for PBXNativeTarget "UppTalkAssignment" */;
			buildPhases = (
				75E02C68FF5BF67DD02FB4C5 /* Check Pods Manifest.lock */,
				22BD92001C818E8400B5937D /* Sources */,
				22BD92011C818E8400B5937D /* Frameworks */,
				22BD92021C818E8400B5937D /* Resources */,
				D81CD4683356AD26B67891BC /* Embed Pods Frameworks */,
				2C229F3AB65532CA7264053E /* Copy Pods Resources */,
			);
			buildRules = (
			);
			dependencies = (
			);
			name = UppTalkAssignment;
			productName = UppTalkAssignment;
			productReference = 22BD92041C818E8400B5937D /* UppTalkAssignment.app */;
			productType = "com.apple.product-type.application";
		};
		22BD921C1C818E8400B5937D /* UppTalkAssignmentTests */ = {
			isa = PBXNativeTarget;
			buildConfigurationList = 22BD92341C818E8400B5937D /* Build configuration list for PBXNativeTarget "UppTalkAssignmentTests" */;
			buildPhases = (
				22BD92191C818E8400B5937D /* Sources */,
				22BD921A1C818E8400B5937D /* Frameworks */,
				22BD921B1C818E8400B5937D /* Resources */,
			);
			buildRules = (
			);
			dependencies = (
				22BD921F1C818E8400B5937D /* PBXTargetDependency */,
			);
			name = UppTalkAssignmentTests;
			productName = UppTalkAssignmentTests;
			productReference = 22BD921D1C818E8400B5937D /* UppTalkAssignmentTests.xctest */;
			productType = "com.apple.product-type.bundle.unit-test";
		};
		22BD92271C818E8400B5937D /* UppTalkAssignmentUITests */ = {
			isa = PBXNativeTarget;
			buildConfigurationList = 22BD92371C818E8400B5937D /* Build configuration list for PBXNativeTarget "UppTalkAssignmentUITests" */;
			buildPhases = (
				22BD92241C818E8400B5937D /* Sources */,
				22BD92251C818E8400B5937D /* Frameworks */,
				22BD92261C818E8400B5937D /* Resources */,
			);
			buildRules = (
			);
			dependencies = (
				22BD922A1C818E8400B5937D /* PBXTargetDependency */,
			);
			name = UppTalkAssignmentUITests;
			productName = UppTalkAssignmentUITests;
			productReference = 22BD92281C818E8400B5937D /* UppTalkAssignmentUITests.xctest */;
			productType = "com.apple.product-type.bundle.ui-testing";
		};
/* End PBXNativeTarget section */

/* Begin PBXProject section */
		22BD91FC1C818E8400B5937D /* Project object */ = {
			isa = PBXProject;
			attributes = {
				LastUpgradeCheck = 0720;
				ORGANIZATIONNAME = "Vladimir Marinov";
				TargetAttributes = {
					22BD92031C818E8400B5937D = {
						CreatedOnToolsVersion = 7.2;
					};
					22BD921C1C818E8400B5937D = {
						CreatedOnToolsVersion = 7.2;
						TestTargetID = 22BD92031C818E8400B5937D;
					};
					22BD92271C818E8400B5937D = {
						CreatedOnToolsVersion = 7.2;
						TestTargetID = 22BD92031C818E8400B5937D;
					};
				};
			};
			buildConfigurationList = 22BD91FF1C818E8400B5937D /* Build configuration list for PBXProject "UppTalkAssignment" */;
			compatibilityVersion = "Xcode 3.2";
			developmentRegion = English;
			hasScannedForEncodings = 0;
			knownRegions = (
				en,
				Base,
			);
			mainGroup = 22BD91FB1C818E8400B5937D;
			productRefGroup = 22BD92051C818E8400B5937D /* Products */;
			projectDirPath = "";
			projectRoot = "";
			targets = (
				22BD92031C818E8400B5937D /* UppTalkAssignment */,
				22BD921C1C818E8400B5937D /* UppTalkAssignmentTests */,
				22BD92271C818E8400B5937D /* UppTalkAssignmentUITests */,
			);
		};
/* End PBXProject section */

/* Begin PBXResourcesBuildPhase section */
		22BD92021C818E8400B5937D /* Resources */ = {
			isa = PBXResourcesBuildPhase;
			buildActionMask = 2147483647;
			files = (
				22BD92171C818E8400B5937D /* LaunchScreen.storyboard in Resources */,
				22BD92141C818E8400B5937D /* Assets.xcassets in Resources */,
				22BD92121C818E8400B5937D /* Main.storyboard in Resources */,
			);
			runOnlyForDeploymentPostprocessing = 0;
		};
		22BD921B1C818E8400B5937D /* Resources */ = {
			isa = PBXResourcesBuildPhase;
			buildActionMask = 2147483647;
			files = (
			);
			runOnlyForDeploymentPostprocessing = 0;
		};
		22BD92261C818E8400B5937D /* Resources */ = {
			isa = PBXResourcesBuildPhase;
			buildActionMask = 2147483647;
			files = (
			);
			runOnlyForDeploymentPostprocessing = 0;
		};
/* End PBXResourcesBuildPhase section */

/* Begin PBXShellScriptBuildPhase section */
		2C229F3AB65532CA7264053E /* Copy Pods Resources */ = {
			isa = PBXShellScriptBuildPhase;
			buildActionMask = 2147483647;
			files = (
			);
			inputPaths = (
			);
			name = "Copy Pods Resources";
			outputPaths = (
			);
			runOnlyForDeploymentPostprocessing = 0;
			shellPath = /bin/sh;
			shellScript = "\"${SRCROOT}/Pods/Target Support Files/Pods-UppTalkAssignment/Pods-UppTalkAssignment-resources.sh\"\n";
			showEnvVarsInLog = 0;
		};
		75E02C68FF5BF67DD02FB4C5 /* Check Pods Manifest.lock */ = {
			isa = PBXShellScriptBuildPhase;
			buildActionMask = 2147483647;
			files = (
			);
			inputPaths = (
			);
			name = "Check Pods Manifest.lock";
			outputPaths = (
			);
			runOnlyForDeploymentPostprocessing = 0;
			shellPath = /bin/sh;
			shellScript = "diff \"${PODS_ROOT}/../Podfile.lock\" \"${PODS_ROOT}/Manifest.lock\" > /dev/null\nif [[ $? != 0 ]] ; then\n    cat << EOM\nerror: The sandbox is not in sync with the Podfile.lock. Run 'pod install' or update your CocoaPods installation.\nEOM\n    exit 1\nfi\n";
			showEnvVarsInLog = 0;
		};
		D81CD4683356AD26B67891BC /* Embed Pods Frameworks */ = {
			isa = PBXShellScriptBuildPhase;
			buildActionMask = 2147483647;
			files = (
			);
			inputPaths = (
			);
			name = "Embed Pods Frameworks";
			outputPaths = (
			);
			runOnlyForDeploymentPostprocessing = 0;
			shellPath = /bin/sh;
			shellScript = "\"${SRCROOT}/Pods/Target Support Files/Pods-UppTalkAssignment/Pods-UppTalkAssignment-frameworks.sh\"\n";
			showEnvVarsInLog = 0;
		};
/* End PBXShellScriptBuildPhase section */

/* Begin PBXSourcesBuildPhase section */
		22BD92001C818E8400B5937D /* Sources */ = {
			isa = PBXSourcesBuildPhase;
			buildActionMask = 2147483647;
			files = (
				22BD920F1C818E8400B5937D /* LoginViewController.m in Sources */,
				22BD920C1C818E8400B5937D /* AppDelegate.m in Sources */,
				228235E91C832B0400F7900D /* ContactsTableViewController.m in Sources */,
				22BD92091C818E8400B5937D /* main.m in Sources */,
				228235E61C831FD100F7900D /* XMPPCommunicationController.m in Sources */,
			);
			runOnlyForDeploymentPostprocessing = 0;
		};
		22BD92191C818E8400B5937D /* Sources */ = {
			isa = PBXSourcesBuildPhase;
			buildActionMask = 2147483647;
			files = (
				22BD92221C818E8400B5937D /* UppTalkAssignmentTests.m in Sources */,
			);
			runOnlyForDeploymentPostprocessing = 0;
		};
		22BD92241C818E8400B5937D /* Sources */ = {
			isa = PBXSourcesBuildPhase;
			buildActionMask = 2147483647;
			files = (
				22BD922D1C818E8400B5937D /* UppTalkAssignmentUITests.m in Sources */,
			);
			runOnlyForDeploymentPostprocessing = 0;
		};
/* End PBXSourcesBuildPhase section */

/* Begin PBXTargetDependency section */
		22BD921F1C818E8400B5937D /* PBXTargetDependency */ = {
			isa = PBXTargetDependency;
			target = 22BD92031C818E8400B5937D /* UppTalkAssignment */;
			targetProxy = 22BD921E1C818E8400B5937D /* PBXContainerItemProxy */;
		};
		22BD922A1C818E8400B5937D /* PBXTargetDependency */ = {
			isa = PBXTargetDependency;
			target = 22BD92031C818E8400B5937D /* UppTalkAssignment */;
			targetProxy = 22BD92291C818E8400B5937D /* PBXContainerItemProxy */;
		};
/* End PBXTargetDependency section */

/* Begin PBXVariantGroup section */
		22BD92101C818E8400B5937D /* Main.storyboard */ = {
			isa = PBXVariantGroup;
			children = (
				22BD92111C818E8400B5937D /* Base */,
			);
			name = Main.storyboard;
			sourceTree = "<group>";
		};
		22BD92151C818E8400B5937D /* LaunchScreen.storyboard */ = {
			isa = PBXVariantGroup;
			children = (
				22BD92161C818E8400B5937D /* Base */,
			);
			name = LaunchScreen.storyboard;
			sourceTree = "<group>";
		};
/* End PBXVariantGroup section */

/* Begin XCBuildConfiguration section */
		22BD922F1C818E8400B5937D /* Debug */ = {
			isa = XCBuildConfiguration;
			buildSettings = {
				ALWAYS_SEARCH_USER_PATHS = NO;
				CLANG_CXX_LANGUAGE_STANDARD = "gnu++0x";
				CLANG_CXX_LIBRARY = "libc++";
				CLANG_ENABLE_MODULES = YES;
				CLANG_ENABLE_OBJC_ARC = YES;
				CLANG_WARN_BOOL_CONVERSION = YES;
				CLANG_WARN_CONSTANT_CONVERSION = YES;
				CLANG_WARN_DIRECT_OBJC_ISA_USAGE = YES_ERROR;
				CLANG_WARN_EMPTY_BODY = YES;
				CLANG_WARN_ENUM_CONVERSION = YES;
				CLANG_WARN_INT_CONVERSION = YES;
				CLANG_WARN_OBJC_ROOT_CLASS = YES_ERROR;
				CLANG_WARN_UNREACHABLE_CODE = YES;
				CLANG_WARN__DUPLICATE_METHOD_MATCH = YES;
				"CODE_SIGN_IDENTITY[sdk=iphoneos*]" = "iPhone Developer";
				COPY_PHASE_STRIP = NO;
				DEBUG_INFORMATION_FORMAT = dwarf;
				ENABLE_STRICT_OBJC_MSGSEND = YES;
				ENABLE_TESTABILITY = YES;
				GCC_C_LANGUAGE_STANDARD = gnu99;
				GCC_DYNAMIC_NO_PIC = NO;
				GCC_NO_COMMON_BLOCKS = YES;
				GCC_OPTIMIZATION_LEVEL = 0;
				GCC_PREPROCESSOR_DEFINITIONS = (
					"DEBUG=1",
					"$(inherited)",
				);
				GCC_WARN_64_TO_32_BIT_CONVERSION = YES;
				GCC_WARN_ABOUT_RETURN_TYPE = YES_ERROR;
				GCC_WARN_UNDECLARED_SELECTOR = YES;
				GCC_WARN_UNINITIALIZED_AUTOS = YES_AGGRESSIVE;
				GCC_WARN_UNUSED_FUNCTION = YES;
				GCC_WARN_UNUSED_VARIABLE = YES;
				IPHONEOS_DEPLOYMENT_TARGET = 9.2;
				MTL_ENABLE_DEBUG_INFO = YES;
				ONLY_ACTIVE_ARCH = YES;
				SDKROOT = iphoneos;
			};
			name = Debug;
		};
		22BD92301C818E8400B5937D /* Release */ = {
			isa = XCBuildConfiguration;
			buildSettings = {
				ALWAYS_SEARCH_USER_PATHS = NO;
				CLANG_CXX_LANGUAGE_STANDARD = "gnu++0x";
				CLANG_CXX_LIBRARY = "libc++";
				CLANG_ENABLE_MODULES = YES;
				CLANG_ENABLE_OBJC_ARC = YES;
				CLANG_WARN_BOOL_CONVERSION = YES;
				CLANG_WARN_CONSTANT_CONVERSION = YES;
				CLANG_WARN_DIRECT_OBJC_ISA_USAGE = YES_ERROR;
				CLANG_WARN_EMPTY_BODY = YES;
				CLANG_WARN_ENUM_CONVERSION = YES;
				CLANG_WARN_INT_CONVERSION = YES;
				CLANG_WARN_OBJC_ROOT_CLASS = YES_ERROR;
				CLANG_WARN_UNREACHABLE_CODE = YES;
				CLANG_WARN__DUPLICATE_METHOD_MATCH = YES;
				"CODE_SIGN_IDENTITY[sdk=iphoneos*]" = "iPhone Developer";
				COPY_PHASE_STRIP = NO;
				DEBUG_INFORMATION_FORMAT = "dwarf-with-dsym";
				ENABLE_NS_ASSERTIONS = NO;
				ENABLE_STRICT_OBJC_MSGSEND = YES;
				GCC_C_LANGUAGE_STANDARD = gnu99;
				GCC_NO_COMMON_BLOCKS = YES;
				GCC_WARN_64_TO_32_BIT_CONVERSION = YES;
				GCC_WARN_ABOUT_RETURN_TYPE = YES_ERROR;
				GCC_WARN_UNDECLARED_SELECTOR = YES;
				GCC_WARN_UNINITIALIZED_AUTOS = YES_AGGRESSIVE;
				GCC_WARN_UNUSED_FUNCTION = YES;
				GCC_WARN_UNUSED_VARIABLE = YES;
				IPHONEOS_DEPLOYMENT_TARGET = 9.2;
				MTL_ENABLE_DEBUG_INFO = NO;
				SDKROOT = iphoneos;
				VALIDATE_PRODUCT = YES;
			};
			name = Release;
		};
		22BD92321C818E8400B5937D /* Debug */ = {
			isa = XCBuildConfiguration;
			baseConfigurationReference = A2A75B7082CD6869F2E41A7A /* Pods-UppTalkAssignment.debug.xcconfig */;
			buildSettings = {
				ASSETCATALOG_COMPILER_APPICON_NAME = AppIcon;
				INFOPLIST_FILE = UppTalkAssignment/Info.plist;
				LD_RUNPATH_SEARCH_PATHS = "$(inherited) @executable_path/Frameworks";
				LIBRARY_SEARCH_PATHS = "$(inherited)";
				PRODUCT_BUNDLE_IDENTIFIER = "Vladimir-Marinov.UppTalkAssignment";
				PRODUCT_NAME = "$(TARGET_NAME)";
				TARGETED_DEVICE_FAMILY = "1,2";
			};
			name = Debug;
		};
		22BD92331C818E8400B5937D /* Release */ = {
			isa = XCBuildConfiguration;
			baseConfigurationReference = 276A1E757436867D3D4CF5CC /* Pods-UppTalkAssignment.release.xcconfig */;
			buildSettings = {
				ASSETCATALOG_COMPILER_APPICON_NAME = AppIcon;
				INFOPLIST_FILE = UppTalkAssignment/Info.plist;
				LD_RUNPATH_SEARCH_PATHS = "$(inherited) @executable_path/Frameworks";
				LIBRARY_SEARCH_PATHS = "$(inherited)";
				PRODUCT_BUNDLE_IDENTIFIER = "Vladimir-Marinov.UppTalkAssignment";
				PRODUCT_NAME = "$(TARGET_NAME)";
				TARGETED_DEVICE_FAMILY = "1,2";
			};
			name = Release;
		};
		22BD92351C818E8400B5937D /* Debug */ = {
			isa = XCBuildConfiguration;
			buildSettings = {
				BUNDLE_LOADER = "$(TEST_HOST)";
				INFOPLIST_FILE = UppTalkAssignmentTests/Info.plist;
				LD_RUNPATH_SEARCH_PATHS = "$(inherited) @executable_path/Frameworks @loader_path/Frameworks";
				PRODUCT_BUNDLE_IDENTIFIER = "Vladimir-Marinov.UppTalkAssignmentTests";
				PRODUCT_NAME = "$(TARGET_NAME)";
				TEST_HOST = "$(BUILT_PRODUCTS_DIR)/UppTalkAssignment.app/UppTalkAssignment";
			};
			name = Debug;
		};
		22BD92361C818E8400B5937D /* Release */ = {
			isa = XCBuildConfiguration;
			buildSettings = {
				BUNDLE_LOADER = "$(TEST_HOST)";
				INFOPLIST_FILE = UppTalkAssignmentTests/Info.plist;
				LD_RUNPATH_SEARCH_PATHS = "$(inherited) @executable_path/Frameworks @loader_path/Frameworks";
				PRODUCT_BUNDLE_IDENTIFIER = "Vladimir-Marinov.UppTalkAssignmentTests";
				PRODUCT_NAME = "$(TARGET_NAME)";
				TEST_HOST = "$(BUILT_PRODUCTS_DIR)/UppTalkAssignment.app/UppTalkAssignment";
			};
			name = Release;
		};
		22BD92381C818E8400B5937D /* Debug */ = {
			isa = XCBuildConfiguration;
			buildSettings = {
				INFOPLIST_FILE = UppTalkAssignmentUITests/Info.plist;
				LD_RUNPATH_SEARCH_PATHS = "$(inherited) @executable_path/Frameworks @loader_path/Frameworks";
				PRODUCT_BUNDLE_IDENTIFIER = "Vladimir-Marinov.UppTalkAssignmentUITests";
				PRODUCT_NAME = "$(TARGET_NAME)";
				TEST_TARGET_NAME = UppTalkAssignment;
				USES_XCTRUNNER = YES;
			};
			name = Debug;
		};
		22BD92391C818E8400B5937D /* Release */ = {
			isa = XCBuildConfiguration;
			buildSettings = {
				INFOPLIST_FILE = UppTalkAssignmentUITests/Info.plist;
				LD_RUNPATH_SEARCH_PATHS = "$(inherited) @executable_path/Frameworks @loader_path/Frameworks";
				PRODUCT_BUNDLE_IDENTIFIER = "Vladimir-Marinov.UppTalkAssignmentUITests";
				PRODUCT_NAME = "$(TARGET_NAME)";
				TEST_TARGET_NAME = UppTalkAssignment;
				USES_XCTRUNNER = YES;
			};
			name = Release;
		};
/* End XCBuildConfiguration section */

/* Begin XCConfigurationList section */
		22BD91FF1C818E8400B5937D /* Build configuration list for PBXProject "UppTalkAssignment" */ = {
			isa = XCConfigurationList;
			buildConfigurations = (
				22BD922F1C818E8400B5937D /* Debug */,
				22BD92301C818E8400B5937D /* Release */,
			);
			defaultConfigurationIsVisible = 0;
			defaultConfigurationName = Release;
		};
		22BD92311C818E8400B5937D /* Build configuration list for PBXNativeTarget "UppTalkAssignment" */ = {
			isa = XCConfigurationList;
			buildConfigurations = (
				22BD92321C818E8400B5937D /* Debug */,
				22BD92331C818E8400B5937D /* Release */,
			);
			defaultConfigurationIsVisible = 0;
			defaultConfigurationName = Release;
		};
		22BD92341C818E8400B5937D /* Build configuration list for PBXNativeTarget "UppTalkAssignmentTests" */ = {
			isa = XCConfigurationList;
			buildConfigurations = (
				22BD92351C818E8400B5937D /* Debug */,
				22BD92361C818E8400B5937D /* Release */,
			);
			defaultConfigurationIsVisible = 0;
			defaultConfigurationName = Release;
		};
		22BD92371C818E8400B5937D /* Build configuration list for PBXNativeTarget "UppTalkAssignmentUITests" */ = {
			isa = XCConfigurationList;
			buildConfigurations = (
				22BD92381C818E8400B5937D /* Debug */,
				22BD92391C818E8400B5937D /* Release */,
			);
			defaultConfigurationIsVisible = 0;
			defaultConfigurationName = Release;
		};
/* End XCConfigurationList section */
	};
	rootObject = 22BD91FC1C818E8400B5937D /* Project object */;
}
